// !$*UTF8*$!
{
	archiveVersion = 1;
	classes = {
	};
	objectVersion = 56;
	objects = {

/* Begin PBXBuildFile section */
		4C8F1D792CDEBB7B00225B99 /* AppDelegate.swift in Sources */ = {isa = PBXBuildFile; fileRef = 4C8F1D782CDEBB7B00225B99 /* AppDelegate.swift */; };
		4C8F1D7D2CDEBB7B00225B99 /* ViewController.swift in Sources */ = {isa = PBXBuildFile; fileRef = 4C8F1D7C2CDEBB7B00225B99 /* ViewController.swift */; };
		4C8F1D822CDEBB7B00225B99 /* Assets.xcassets in Resources */ = {isa = PBXBuildFile; fileRef = 4C8F1D812CDEBB7B00225B99 /* Assets.xcassets */; };
		4C8F1D852CDEBB7B00225B99 /* LaunchScreen.storyboard in Resources */ = {isa = PBXBuildFile; fileRef = 4C8F1D832CDEBB7B00225B99 /* LaunchScreen.storyboard */; };
		4C8F1D902CDEBB7C00225B99 /* FetchTests.swift in Sources */ = {isa = PBXBuildFile; fileRef = 4C8F1D8F2CDEBB7C00225B99 /* FetchTests.swift */; };
		4C8F1D9A2CDEBB7C00225B99 /* FetchUITests.swift in Sources */ = {isa = PBXBuildFile; fileRef = 4C8F1D992CDEBB7C00225B99 /* FetchUITests.swift */; };
		4C8F1D9C2CDEBB7C00225B99 /* FetchUITestsLaunchTests.swift in Sources */ = {isa = PBXBuildFile; fileRef = 4C8F1D9B2CDEBB7C00225B99 /* FetchUITestsLaunchTests.swift */; };
/* End PBXBuildFile section */

/* Begin PBXContainerItemProxy section */
		4C8F1D8C2CDEBB7C00225B99 /* PBXContainerItemProxy */ = {
			isa = PBXContainerItemProxy;
			containerPortal = 4C8F1D6D2CDEBB7A00225B99 /* Project object */;
			proxyType = 1;
			remoteGlobalIDString = 4C8F1D742CDEBB7B00225B99;
			remoteInfo = Fetch;
		};
		4C8F1D962CDEBB7C00225B99 /* PBXContainerItemProxy */ = {
			isa = PBXContainerItemProxy;
			containerPortal = 4C8F1D6D2CDEBB7A00225B99 /* Project object */;
			proxyType = 1;
			remoteGlobalIDString = 4C8F1D742CDEBB7B00225B99;
			remoteInfo = Fetch;
		};
/* End PBXContainerItemProxy section */

/* Begin PBXFileReference section */
		4C8F1D752CDEBB7B00225B99 /* Fetch.app */ = {isa = PBXFileReference; explicitFileType = wrapper.application; includeInIndex = 0; path = Fetch.app; sourceTree = BUILT_PRODUCTS_DIR; };
		4C8F1D782CDEBB7B00225B99 /* AppDelegate.swift */ = {isa = PBXFileReference; lastKnownFileType = sourcecode.swift; path = AppDelegate.swift; sourceTree = "<group>"; };
		4C8F1D7C2CDEBB7B00225B99 /* ViewController.swift */ = {isa = PBXFileReference; lastKnownFileType = sourcecode.swift; path = ViewController.swift; sourceTree = "<group>"; };
		4C8F1D812CDEBB7B00225B99 /* Assets.xcassets */ = {isa = PBXFileReference; lastKnownFileType = folder.assetcatalog; path = Assets.xcassets; sourceTree = "<group>"; };
		4C8F1D842CDEBB7B00225B99 /* Base */ = {isa = PBXFileReference; lastKnownFileType = file.storyboard; name = Base; path = Base.lproj/LaunchScreen.storyboard; sourceTree = "<group>"; };
		4C8F1D862CDEBB7B00225B99 /* Info.plist */ = {isa = PBXFileReference; lastKnownFileType = text.plist.xml; path = Info.plist; sourceTree = "<group>"; };
		4C8F1D8B2CDEBB7C00225B99 /* FetchTests.xctest */ = {isa = PBXFileReference; explicitFileType = wrapper.cfbundle; includeInIndex = 0; path = FetchTests.xctest; sourceTree = BUILT_PRODUCTS_DIR; };
		4C8F1D8F2CDEBB7C00225B99 /* FetchTests.swift */ = {isa = PBXFileReference; lastKnownFileType = sourcecode.swift; path = FetchTests.swift; sourceTree = "<group>"; };
		4C8F1D952CDEBB7C00225B99 /* FetchUITests.xctest */ = {isa = PBXFileReference; explicitFileType = wrapper.cfbundle; includeInIndex = 0; path = FetchUITests.xctest; sourceTree = BUILT_PRODUCTS_DIR; };
		4C8F1D992CDEBB7C00225B99 /* FetchUITests.swift */ = {isa = PBXFileReference; lastKnownFileType = sourcecode.swift; path = FetchUITests.swift; sourceTree = "<group>"; };
		4C8F1D9B2CDEBB7C00225B99 /* FetchUITestsLaunchTests.swift */ = {isa = PBXFileReference; lastKnownFileType = sourcecode.swift; path = FetchUITestsLaunchTests.swift; sourceTree = "<group>"; };
/* End PBXFileReference section */

/* Begin PBXFrameworksBuildPhase section */
		4C8F1D722CDEBB7B00225B99 /* Frameworks */ = {
			isa = PBXFrameworksBuildPhase;
			buildActionMask = 2147483647;
			files = (
			);
			runOnlyForDeploymentPostprocessing = 0;
		};
		4C8F1D882CDEBB7C00225B99 /* Frameworks */ = {
			isa = PBXFrameworksBuildPhase;
			buildActionMask = 2147483647;
			files = (
			);
			runOnlyForDeploymentPostprocessing = 0;
		};
		4C8F1D922CDEBB7C00225B99 /* Frameworks */ = {
			isa = PBXFrameworksBuildPhase;
			buildActionMask = 2147483647;
			files = (
			);
			runOnlyForDeploymentPostprocessing = 0;
		};
/* End PBXFrameworksBuildPhase section */

/* Begin PBXGroup section */
		4C8F1D6C2CDEBB7A00225B99 = {
			isa = PBXGroup;
			children = (
				4C8F1D772CDEBB7B00225B99 /* Fetch */,
				4C8F1D8E2CDEBB7C00225B99 /* FetchTests */,
				4C8F1D982CDEBB7C00225B99 /* FetchUITests */,
				4C8F1D762CDEBB7B00225B99 /* Products */,
			);
			sourceTree = "<group>";
		};
		4C8F1D762CDEBB7B00225B99 /* Products */ = {
			isa = PBXGroup;
			children = (
				4C8F1D752CDEBB7B00225B99 /* Fetch.app */,
				4C8F1D8B2CDEBB7C00225B99 /* FetchTests.xctest */,
				4C8F1D952CDEBB7C00225B99 /* FetchUITests.xctest */,
			);
			name = Products;
			sourceTree = "<group>";
		};
		4C8F1D772CDEBB7B00225B99 /* Fetch */ = {
			isa = PBXGroup;
			children = (
				4C8F1D782CDEBB7B00225B99 /* AppDelegate.swift */,
				4C8F1D7C2CDEBB7B00225B99 /* ViewController.swift */,
				4C8F1D812CDEBB7B00225B99 /* Assets.xcassets */,
				4C8F1D832CDEBB7B00225B99 /* LaunchScreen.storyboard */,
				4C8F1D862CDEBB7B00225B99 /* Info.plist */,
			);
			path = Fetch;
			sourceTree = "<group>";
		};
		4C8F1D8E2CDEBB7C00225B99 /* FetchTests */ = {
			isa = PBXGroup;
			children = (
				4C8F1D8F2CDEBB7C00225B99 /* FetchTests.swift */,
			);
			path = FetchTests;
			sourceTree = "<group>";
		};
		4C8F1D982CDEBB7C00225B99 /* FetchUITests */ = {
			isa = PBXGroup;
			children = (
				4C8F1D992CDEBB7C00225B99 /* FetchUITests.swift */,
				4C8F1D9B2CDEBB7C00225B99 /* FetchUITestsLaunchTests.swift */,
			);
			path = FetchUITests;
			sourceTree = "<group>";
		};
/* End PBXGroup section */

/* Begin PBXNativeTarget section */
		4C8F1D742CDEBB7B00225B99 /* Fetch */ = {
			isa = PBXNativeTarget;
			buildConfigurationList = 4C8F1D9F2CDEBB7C00225B99 /* Build configuration list for PBXNativeTarget "Fetch" */;
			buildPhases = (
				4C8F1D712CDEBB7B00225B99 /* Sources */,
				4C8F1D722CDEBB7B00225B99 /* Frameworks */,
				4C8F1D732CDEBB7B00225B99 /* Resources */,
			);
			buildRules = (
			);
			dependencies = (
			);
			name = Fetch;
			productName = Fetch;
			productReference = 4C8F1D752CDEBB7B00225B99 /* Fetch.app */;
			productType = "com.apple.product-type.application";
		};
		4C8F1D8A2CDEBB7C00225B99 /* FetchTests */ = {
			isa = PBXNativeTarget;
			buildConfigurationList = 4C8F1DA22CDEBB7C00225B99 /* Build configuration list for PBXNativeTarget "FetchTests" */;
			buildPhases = (
				4C8F1D872CDEBB7C00225B99 /* Sources */,
				4C8F1D882CDEBB7C00225B99 /* Frameworks */,
				4C8F1D892CDEBB7C00225B99 /* Resources */,
			);
			buildRules = (
			);
			dependencies = (
				4C8F1D8D2CDEBB7C00225B99 /* PBXTargetDependency */,
			);
			name = FetchTests;
			productName = FetchTests;
			productReference = 4C8F1D8B2CDEBB7C00225B99 /* FetchTests.xctest */;
			productType = "com.apple.product-type.bundle.unit-test";
		};
		4C8F1D942CDEBB7C00225B99 /* FetchUITests */ = {
			isa = PBXNativeTarget;
			buildConfigurationList = 4C8F1DA52CDEBB7C00225B99 /* Build configuration list for PBXNativeTarget "FetchUITests" */;
			buildPhases = (
				4C8F1D912CDEBB7C00225B99 /* Sources */,
				4C8F1D922CDEBB7C00225B99 /* Frameworks */,
				4C8F1D932CDEBB7C00225B99 /* Resources */,
			);
			buildRules = (
			);
			dependencies = (
				4C8F1D972CDEBB7C00225B99 /* PBXTargetDependency */,
			);
			name = FetchUITests;
			productName = FetchUITests;
			productReference = 4C8F1D952CDEBB7C00225B99 /* FetchUITests.xctest */;
			productType = "com.apple.product-type.bundle.ui-testing";
		};
/* End PBXNativeTarget section */

/* Begin PBXProject section */
		4C8F1D6D2CDEBB7A00225B99 /* Project object */ = {
			isa = PBXProject;
			attributes = {
				BuildIndependentTargetsInParallel = 1;
				LastSwiftUpdateCheck = 1520;
				LastUpgradeCheck = 1520;
				TargetAttributes = {
					4C8F1D742CDEBB7B00225B99 = {
						CreatedOnToolsVersion = 15.2;
					};
					4C8F1D8A2CDEBB7C00225B99 = {
						CreatedOnToolsVersion = 15.2;
						TestTargetID = 4C8F1D742CDEBB7B00225B99;
					};
					4C8F1D942CDEBB7C00225B99 = {
						CreatedOnToolsVersion = 15.2;
						TestTargetID = 4C8F1D742CDEBB7B00225B99;
					};
				};
			};
			buildConfigurationList = 4C8F1D702CDEBB7A00225B99 /* Build configuration list for PBXProject "Fetch" */;
			compatibilityVersion = "Xcode 14.0";
			developmentRegion = en;
			hasScannedForEncodings = 0;
			knownRegions = (
				en,
				Base,
			);
			mainGroup = 4C8F1D6C2CDEBB7A00225B99;
			productRefGroup = 4C8F1D762CDEBB7B00225B99 /* Products */;
			projectDirPath = "";
			projectRoot = "";
			targets = (
				4C8F1D742CDEBB7B00225B99 /* Fetch */,
				4C8F1D8A2CDEBB7C00225B99 /* FetchTests */,
				4C8F1D942CDEBB7C00225B99 /* FetchUITests */,
			);
		};
/* End PBXProject section */

/* Begin PBXResourcesBuildPhase section */
		4C8F1D732CDEBB7B00225B99 /* Resources */ = {
			isa = PBXResourcesBuildPhase;
			buildActionMask = 2147483647;
			files = (
				4C8F1D852CDEBB7B00225B99 /* LaunchScreen.storyboard in Resources */,
				4C8F1D822CDEBB7B00225B99 /* Assets.xcassets in Resources */,
			);
			runOnlyForDeploymentPostprocessing = 0;
		};
		4C8F1D892CDEBB7C00225B99 /* Resources */ = {
			isa = PBXResourcesBuildPhase;
			buildActionMask = 2147483647;
			files = (
			);
			runOnlyForDeploymentPostprocessing = 0;
		};
		4C8F1D932CDEBB7C00225B99 /* Resources */ = {
			isa = PBXResourcesBuildPhase;
			buildActionMask = 2147483647;
			files = (
			);
			runOnlyForDeploymentPostprocessing = 0;
		};
/* End PBXResourcesBuildPhase section */

/* Begin PBXSourcesBuildPhase section */
		4C8F1D712CDEBB7B00225B99 /* Sources */ = {
			isa = PBXSourcesBuildPhase;
			buildActionMask = 2147483647;
			files = (
				4C8F1D7D2CDEBB7B00225B99 /* ViewController.swift in Sources */,
				4C8F1D792CDEBB7B00225B99 /* AppDelegate.swift in Sources */,
			);
			runOnlyForDeploymentPostprocessing = 0;
		};
		4C8F1D872CDEBB7C00225B99 /* Sources */ = {
			isa = PBXSourcesBuildPhase;
			buildActionMask = 2147483647;
			files = (
				4C8F1D902CDEBB7C00225B99 /* FetchTests.swift in Sources */,
			);
			runOnlyForDeploymentPostprocessing = 0;
		};
		4C8F1D912CDEBB7C00225B99 /* Sources */ = {
			isa = PBXSourcesBuildPhase;
			buildActionMask = 2147483647;
			files = (
				4C8F1D9A2CDEBB7C00225B99 /* FetchUITests.swift in Sources */,
				4C8F1D9C2CDEBB7C00225B99 /* FetchUITestsLaunchTests.swift in Sources */,
			);
			runOnlyForDeploymentPostprocessing = 0;
		};
/* End PBXSourcesBuildPhase section */

/* Begin PBXTargetDependency section */
		4C8F1D8D2CDEBB7C00225B99 /* PBXTargetDependency */ = {
			isa = PBXTargetDependency;
			target = 4C8F1D742CDEBB7B00225B99 /* Fetch */;
			targetProxy = 4C8F1D8C2CDEBB7C00225B99 /* PBXContainerItemProxy */;
		};
		4C8F1D972CDEBB7C00225B99 /* PBXTargetDependency */ = {
			isa = PBXTargetDependency;
			target = 4C8F1D742CDEBB7B00225B99 /* Fetch */;
			targetProxy = 4C8F1D962CDEBB7C00225B99 /* PBXContainerItemProxy */;
		};
/* End PBXTargetDependency section */

/* Begin PBXVariantGroup section */
		4C8F1D832CDEBB7B00225B99 /* LaunchScreen.storyboard */ = {
			isa = PBXVariantGroup;
			children = (
				4C8F1D842CDEBB7B00225B99 /* Base */,
			);
			name = LaunchScreen.storyboard;
			sourceTree = "<group>";
		};
/* End PBXVariantGroup section */

/* Begin XCBuildConfiguration section */
		4C8F1D9D2CDEBB7C00225B99 /* Debug */ = {
			isa = XCBuildConfiguration;
			buildSettings = {
				ALWAYS_SEARCH_USER_PATHS = NO;
				ASSETCATALOG_COMPILER_GENERATE_SWIFT_ASSET_SYMBOL_EXTENSIONS = YES;
				CLANG_ANALYZER_NONNULL = YES;
				CLANG_ANALYZER_NUMBER_OBJECT_CONVERSION = YES_AGGRESSIVE;
				CLANG_CXX_LANGUAGE_STANDARD = "gnu++20";
				CLANG_ENABLE_MODULES = YES;
				CLANG_ENABLE_OBJC_ARC = YES;
				CLANG_ENABLE_OBJC_WEAK = YES;
				CLANG_WARN_BLOCK_CAPTURE_AUTORELEASING = YES;
				CLANG_WARN_BOOL_CONVERSION = YES;
				CLANG_WARN_COMMA = YES;
				CLANG_WARN_CONSTANT_CONVERSION = YES;
				CLANG_WARN_DEPRECATED_OBJC_IMPLEMENTATIONS = YES;
				CLANG_WARN_DIRECT_OBJC_ISA_USAGE = YES_ERROR;
				CLANG_WARN_DOCUMENTATION_COMMENTS = YES;
				CLANG_WARN_EMPTY_BODY = YES;
				CLANG_WARN_ENUM_CONVERSION = YES;
				CLANG_WARN_INFINITE_RECURSION = YES;
				CLANG_WARN_INT_CONVERSION = YES;
				CLANG_WARN_NON_LITERAL_NULL_CONVERSION = YES;
				CLANG_WARN_OBJC_IMPLICIT_RETAIN_SELF = YES;
				CLANG_WARN_OBJC_LITERAL_CONVERSION = YES;
				CLANG_WARN_OBJC_ROOT_CLASS = YES_ERROR;
				CLANG_WARN_QUOTED_INCLUDE_IN_FRAMEWORK_HEADER = YES;
				CLANG_WARN_RANGE_LOOP_ANALYSIS = YES;
				CLANG_WARN_STRICT_PROTOTYPES = YES;
				CLANG_WARN_SUSPICIOUS_MOVE = YES;
				CLANG_WARN_UNGUARDED_AVAILABILITY = YES_AGGRESSIVE;
				CLANG_WARN_UNREACHABLE_CODE = YES;
				CLANG_WARN__DUPLICATE_METHOD_MATCH = YES;
				COPY_PHASE_STRIP = NO;
				DEBUG_INFORMATION_FORMAT = dwarf;
				ENABLE_STRICT_OBJC_MSGSEND = YES;
				ENABLE_TESTABILITY = YES;
				ENABLE_USER_SCRIPT_SANDBOXING = YES;
				GCC_C_LANGUAGE_STANDARD = gnu17;
				GCC_DYNAMIC_NO_PIC = NO;
				GCC_NO_COMMON_BLOCKS = YES;
				GCC_OPTIMIZATION_LEVEL = 0;
				GCC_PREPROCESSOR_DEFINITIONS = (
					"DEBUG=1",
					"$(inherited)",
				);
				GCC_WARN_64_TO_32_BIT_CONVERSION = YES;
				GCC_WARN_ABOUT_RETURN_TYPE = YES_ERROR;
				GCC_WARN_UNDECLARED_SELECTOR = YES;
				GCC_WARN_UNINITIALIZED_AUTOS = YES_AGGRESSIVE;
				GCC_WARN_UNUSED_FUNCTION = YES;
				GCC_WARN_UNUSED_VARIABLE = YES;
				IPHONEOS_DEPLOYMENT_TARGET = 17.2;
				LOCALIZATION_PREFERS_STRING_CATALOGS = YES;
				MTL_ENABLE_DEBUG_INFO = INCLUDE_SOURCE;
				MTL_FAST_MATH = YES;
				ONLY_ACTIVE_ARCH = YES;
				SDKROOT = iphoneos;
				SWIFT_ACTIVE_COMPILATION_CONDITIONS = "DEBUG $(inherited)";
				SWIFT_OPTIMIZATION_LEVEL = "-Onone";
			};
			name = Debug;
		};
		4C8F1D9E2CDEBB7C00225B99 /* Release */ = {
			isa = XCBuildConfiguration;
			buildSettings = {
				ALWAYS_SEARCH_USER_PATHS = NO;
				ASSETCATALOG_COMPILER_GENERATE_SWIFT_ASSET_SYMBOL_EXTENSIONS = YES;
				CLANG_ANALYZER_NONNULL = YES;
				CLANG_ANALYZER_NUMBER_OBJECT_CONVERSION = YES_AGGRESSIVE;
				CLANG_CXX_LANGUAGE_STANDARD = "gnu++20";
				CLANG_ENABLE_MODULES = YES;
				CLANG_ENABLE_OBJC_ARC = YES;
				CLANG_ENABLE_OBJC_WEAK = YES;
				CLANG_WARN_BLOCK_CAPTURE_AUTORELEASING = YES;
				CLANG_WARN_BOOL_CONVERSION = YES;
				CLANG_WARN_COMMA = YES;
				CLANG_WARN_CONSTANT_CONVERSION = YES;
				CLANG_WARN_DEPRECATED_OBJC_IMPLEMENTATIONS = YES;
				CLANG_WARN_DIRECT_OBJC_ISA_USAGE = YES_ERROR;
				CLANG_WARN_DOCUMENTATION_COMMENTS = YES;
				CLANG_WARN_EMPTY_BODY = YES;
				CLANG_WARN_ENUM_CONVERSION = YES;
				CLANG_WARN_INFINITE_RECURSION = YES;
				CLANG_WARN_INT_CONVERSION = YES;
				CLANG_WARN_NON_LITERAL_NULL_CONVERSION = YES;
				CLANG_WARN_OBJC_IMPLICIT_RETAIN_SELF = YES;
				CLANG_WARN_OBJC_LITERAL_CONVERSION = YES;
				CLANG_WARN_OBJC_ROOT_CLASS = YES_ERROR;
				CLANG_WARN_QUOTED_INCLUDE_IN_FRAMEWORK_HEADER = YES;
				CLANG_WARN_RANGE_LOOP_ANALYSIS = YES;
				CLANG_WARN_STRICT_PROTOTYPES = YES;
				CLANG_WARN_SUSPICIOUS_MOVE = YES;
				CLANG_WARN_UNGUARDED_AVAILABILITY = YES_AGGRESSIVE;
				CLANG_WARN_UNREACHABLE_CODE = YES;
				CLANG_WARN__DUPLICATE_METHOD_MATCH = YES;
				COPY_PHASE_STRIP = NO;
				DEBUG_INFORMATION_FORMAT = "dwarf-with-dsym";
				ENABLE_NS_ASSERTIONS = NO;
				ENABLE_STRICT_OBJC_MSGSEND = YES;
				ENABLE_USER_SCRIPT_SANDBOXING = YES;
				GCC_C_LANGUAGE_STANDARD = gnu17;
				GCC_NO_COMMON_BLOCKS = YES;
				GCC_WARN_64_TO_32_BIT_CONVERSION = YES;
				GCC_WARN_ABOUT_RETURN_TYPE = YES_ERROR;
				GCC_WARN_UNDECLARED_SELECTOR = YES;
				GCC_WARN_UNINITIALIZED_AUTOS = YES_AGGRESSIVE;
				GCC_WARN_UNUSED_FUNCTION = YES;
				GCC_WARN_UNUSED_VARIABLE = YES;
				IPHONEOS_DEPLOYMENT_TARGET = 17.2;
				LOCALIZATION_PREFERS_STRING_CATALOGS = YES;
				MTL_ENABLE_DEBUG_INFO = NO;
				MTL_FAST_MATH = YES;
				SDKROOT = iphoneos;
				SWIFT_COMPILATION_MODE = wholemodule;
				VALIDATE_PRODUCT = YES;
			};
			name = Release;
		};
		4C8F1DA02CDEBB7C00225B99 /* Debug */ = {
			isa = XCBuildConfiguration;
			buildSettings = {
				ASSETCATALOG_COMPILER_APPICON_NAME = AppIcon;
				ASSETCATALOG_COMPILER_GLOBAL_ACCENT_COLOR_NAME = AccentColor;
				CODE_SIGN_STYLE = Automatic;
				CURRENT_PROJECT_VERSION = 1;
				DEVELOPMENT_TEAM = 94Q7Y757NG;
				GENERATE_INFOPLIST_FILE = YES;
				INFOPLIST_FILE = Fetch/Info.plist;
				INFOPLIST_KEY_UIApplicationSupportsIndirectInputEvents = YES;
				INFOPLIST_KEY_UILaunchStoryboardName = LaunchScreen.storyboard;
				INFOPLIST_KEY_UIMainStoryboardFile = "";
				INFOPLIST_KEY_UISupportedInterfaceOrientations_iPad = "UIInterfaceOrientationPortrait UIInterfaceOrientationPortraitUpsideDown UIInterfaceOrientationLandscapeLeft UIInterfaceOrientationLandscapeRight";
				INFOPLIST_KEY_UISupportedInterfaceOrientations_iPhone = "UIInterfaceOrientationPortrait UIInterfaceOrientationLandscapeLeft UIInterfaceOrientationLandscapeRight";
				LD_RUNPATH_SEARCH_PATHS = (
					"$(inherited)",
					"@executable_path/Frameworks",
				);
				MARKETING_VERSION = 1.0;
				PRODUCT_BUNDLE_IDENTIFIER = io.lotanna.Fetch;
				PRODUCT_NAME = "$(TARGET_NAME)";
				SWIFT_EMIT_LOC_STRINGS = YES;
				SWIFT_VERSION = 5.0;
				TARGETED_DEVICE_FAMILY = "1,2";
			};
			name = Debug;
		};
		4C8F1DA12CDEBB7C00225B99 /* Release */ = {
			isa = XCBuildConfiguration;
			buildSettings = {
				ASSETCATALOG_COMPILER_APPICON_NAME = AppIcon;
				ASSETCATALOG_COMPILER_GLOBAL_ACCENT_COLOR_NAME = AccentColor;
				CODE_SIGN_STYLE = Automatic;
				CURRENT_PROJECT_VERSION = 1;
				DEVELOPMENT_TEAM = 94Q7Y757NG;
				GENERATE_INFOPLIST_FILE = YES;
				INFOPLIST_FILE = Fetch/Info.plist;
				INFOPLIST_KEY_UIApplicationSupportsIndirectInputEvents = YES;
				INFOPLIST_KEY_UILaunchStoryboardName = LaunchScreen.storyboard;
				INFOPLIST_KEY_UIMainStoryboardFile = "";
				INFOPLIST_KEY_UISupportedInterfaceOrientations_iPad = "UIInterfaceOrientationPortrait UIInterfaceOrientationPortraitUpsideDown UIInterfaceOrientationLandscapeLeft UIInterfaceOrientationLandscapeRight";
				INFOPLIST_KEY_UISupportedInterfaceOrientations_iPhone = "UIInterfaceOrientationPortrait UIInterfaceOrientationLandscapeLeft UIInterfaceOrientationLandscapeRight";
				LD_RUNPATH_SEARCH_PATHS = (
					"$(inherited)",
					"@executable_path/Frameworks",
				);
				MARKETING_VERSION = 1.0;
				PRODUCT_BUNDLE_IDENTIFIER = io.lotanna.Fetch;
				PRODUCT_NAME = "$(TARGET_NAME)";
				SWIFT_EMIT_LOC_STRINGS = YES;
				SWIFT_VERSION = 5.0;
				TARGETED_DEVICE_FAMILY = "1,2";
			};
			name = Release;
		};
		4C8F1DA32CDEBB7C00225B99 /* Debug */ = {
			isa = XCBuildConfiguration;
			buildSettings = {
				ALWAYS_EMBED_SWIFT_STANDARD_LIBRARIES = YES;
				BUNDLE_LOADER = "$(TEST_HOST)";
				CODE_SIGN_STYLE = Automatic;
				CURRENT_PROJECT_VERSION = 1;
				DEVELOPMENT_TEAM = 94Q7Y757NG;
				GENERATE_INFOPLIST_FILE = YES;
				IPHONEOS_DEPLOYMENT_TARGET = 17.2;
				MARKETING_VERSION = 1.0;
				PRODUCT_BUNDLE_IDENTIFIER = io.lotanna.FetchTests;
				PRODUCT_NAME = "$(TARGET_NAME)";
				SWIFT_EMIT_LOC_STRINGS = NO;
				SWIFT_VERSION = 5.0;
				TARGETED_DEVICE_FAMILY = "1,2";
				TEST_HOST = "$(BUILT_PRODUCTS_DIR)/Fetch.app/$(BUNDLE_EXECUTABLE_FOLDER_PATH)/Fetch";
			};
			name = Debug;
		};
		4C8F1DA42CDEBB7C00225B99 /* Release */ = {
			isa = XCBuildConfiguration;
			buildSettings = {
				ALWAYS_EMBED_SWIFT_STANDARD_LIBRARIES = YES;
				BUNDLE_LOADER = "$(TEST_HOST)";
				CODE_SIGN_STYLE = Automatic;
				CURRENT_PROJECT_VERSION = 1;
				DEVELOPMENT_TEAM = 94Q7Y757NG;
				GENERATE_INFOPLIST_FILE = YES;
				IPHONEOS_DEPLOYMENT_TARGET = 17.2;
				MARKETING_VERSION = 1.0;
				PRODUCT_BUNDLE_IDENTIFIER = io.lotanna.FetchTests;
				PRODUCT_NAME = "$(TARGET_NAME)";
				SWIFT_EMIT_LOC_STRINGS = NO;
				SWIFT_VERSION = 5.0;
				TARGETED_DEVICE_FAMILY = "1,2";
				TEST_HOST = "$(BUILT_PRODUCTS_DIR)/Fetch.app/$(BUNDLE_EXECUTABLE_FOLDER_PATH)/Fetch";
			};
			name = Release;
		};
		4C8F1DA62CDEBB7C00225B99 /* Debug */ = {
			isa = XCBuildConfiguration;
			buildSettings = {
				ALWAYS_EMBED_SWIFT_STANDARD_LIBRARIES = YES;
				CODE_SIGN_STYLE = Automatic;
				CURRENT_PROJECT_VERSION = 1;
				DEVELOPMENT_TEAM = 94Q7Y757NG;
				GENERATE_INFOPLIST_FILE = YES;
				MARKETING_VERSION = 1.0;
				PRODUCT_BUNDLE_IDENTIFIER = io.lotanna.FetchUITests;
				PRODUCT_NAME = "$(TARGET_NAME)";
				SWIFT_EMIT_LOC_STRINGS = NO;
				SWIFT_VERSION = 5.0;
				TARGETED_DEVICE_FAMILY = "1,2";
				TEST_TARGET_NAME = Fetch;
			};
			name = Debug;
		};
		4C8F1DA72CDEBB7C00225B99 /* Release */ = {
			isa = XCBuildConfiguration;
			buildSettings = {
				ALWAYS_EMBED_SWIFT_STANDARD_LIBRARIES = YES;
				CODE_SIGN_STYLE = Automatic;
				CURRENT_PROJECT_VERSION = 1;
				DEVELOPMENT_TEAM = 94Q7Y757NG;
				GENERATE_INFOPLIST_FILE = YES;
				MARKETING_VERSION = 1.0;
				PRODUCT_BUNDLE_IDENTIFIER = io.lotanna.FetchUITests;
				PRODUCT_NAME = "$(TARGET_NAME)";
				SWIFT_EMIT_LOC_STRINGS = NO;
				SWIFT_VERSION = 5.0;
				TARGETED_DEVICE_FAMILY = "1,2";
				TEST_TARGET_NAME = Fetch;
			};
			name = Release;
		};
/* End XCBuildConfiguration section */

/* Begin XCConfigurationList section */
		4C8F1D702CDEBB7A00225B99 /* Build configuration list for PBXProject "Fetch" */ = {
			isa = XCConfigurationList;
			buildConfigurations = (
				4C8F1D9D2CDEBB7C00225B99 /* Debug */,
				4C8F1D9E2CDEBB7C00225B99 /* Release */,
			);
			defaultConfigurationIsVisible = 0;
			defaultConfigurationName = Release;
		};
		4C8F1D9F2CDEBB7C00225B99 /* Build configuration list for PBXNativeTarget "Fetch" */ = {
			isa = XCConfigurationList;
			buildConfigurations = (
				4C8F1DA02CDEBB7C00225B99 /* Debug */,
				4C8F1DA12CDEBB7C00225B99 /* Release */,
			);
			defaultConfigurationIsVisible = 0;
			defaultConfigurationName = Release;
		};
		4C8F1DA22CDEBB7C00225B99 /* Build configuration list for PBXNativeTarget "FetchTests" */ = {
			isa = XCConfigurationList;
			buildConfigurations = (
				4C8F1DA32CDEBB7C00225B99 /* Debug */,
				4C8F1DA42CDEBB7C00225B99 /* Release */,
			);
			defaultConfigurationIsVisible = 0;
			defaultConfigurationName = Release;
		};
		4C8F1DA52CDEBB7C00225B99 /* Build configuration list for PBXNativeTarget "FetchUITests" */ = {
			isa = XCConfigurationList;
			buildConfigurations = (
				4C8F1DA62CDEBB7C00225B99 /* Debug */,
				4C8F1DA72CDEBB7C00225B99 /* Release */,
			);
			defaultConfigurationIsVisible = 0;
			defaultConfigurationName = Release;
		};
/* End XCConfigurationList section */
	};
	rootObject = 4C8F1D6D2CDEBB7A00225B99 /* Project object */;
}
